
Microsoft Visual Studio Solution File, Format Version 12.00
# Visual Studio Version 17
VisualStudioVersion = 17.4.33213.308
MinimumVisualStudioVersion = 10.0.40219.1
Project("{9A19103F-16F7-4668-BE54-9A1E7A4F7556}") = "Worflow", "WorflowSystem\Worflow.csproj", "{A42B7254-2001-4D44-8D0F-5281EF5B30B6}"
EndProject
Global
	GlobalSection(SolutionConfigurationPlatforms) = preSolution
		Debug|Any CPU = Debug|Any CPU
		Release|Any CPU = Release|Any CPU
	EndGlobalSection
	GlobalSection(ProjectConfigurationPlatforms) = postSolution
		{A42B7254-2001-4D44-8D0F-5281EF5B30B6}.Debug|Any CPU.ActiveCfg = Debug|Any CPU
		{A42B7254-2001-4D44-8D0F-5281EF5B30B6}.Debug|Any CPU.Build.0 = Debug|Any CPU
		{A42B7254-2001-4D44-8D0F-5281EF5B30B6}.Release|Any CPU.ActiveCfg = Release|Any CPU
		{A42B7254-2001-4D44-8D0F-5281EF5B30B6}.Release|Any CPU.Build.0 = Release|Any CPU
	EndGlobalSection
	GlobalSection(SolutionProperties) = preSolution
		HideSolutionNode = FALSE
	EndGlobalSection
	GlobalSection(ExtensibilityGlobals) = postSolution
		SolutionGuid = {AE96B88D-3C67-46E8-9CB9-AA3FBBA84FF7}
	EndGlobalSection
EndGlobal
